<?xml version="1.0" encoding="utf-8"?>
<Project ToolsVersion="17.0" xmlns="http://schemas.microsoft.com/developer/msbuild/2003">
  <ItemGroup>
    <ClCompile Include="C:\Users\Николай\Documents\GitHub\laba\res1\1_laba.cpp">
      <Filter>Source Files</Filter>
    </ClCompile>
  </ItemGroup>
  <ItemGroup>
    <CustomBuild Include="C:\Users\Николай\Documents\GitHub\laba\res1\CMakeLists.txt" />
  </ItemGroup>
  <ItemGroup>
    <Filter Include="Source Files">
      <UniqueIdentifier>{186C816D-1F6D-3AD5-B73A-3C10A48CD75C}</UniqueIdentifier>
    </Filter>
  </ItemGroup>
</Project>
